# This file is automatically @generated by Cargo.
# It is not intended for manual editing.
version = 3

[[package]]
name = "afire"
version = "0.2.0"
source = "registry+https://github.com/rust-lang/crates.io-index"
checksum = "7e8c8a221624dfe4dbb697fadb8e3033a01cc58fa7ef8562edddeb76ce64093d"

[[package]]
name = "connorcode"
version = "0.1.0"
dependencies = [
 "afire",
 "simple_config_parser",
]

[[package]]
name = "simple_config_parser"
version = "1.0.0"
source = "registry+https://github.com/rust-lang/crates.io-index"
checksum = "3d562b7cb7cef3d30257e59582674255342665ced8462ad861412e074c653b11"
